
Microsoft Visual Studio Solution File, Format Version 12.00
# Visual Studio 15
VisualStudioVersion = 15.0.27703.2042
MinimumVisualStudioVersion = 10.0.40219.1
Project("{2150E333-8FDC-42A3-9474-1A3956D46DE8}") = "Forms", "Forms", "{D7AC6A97-B245-4BE5-B4B1-A9DC1DEB2931}"
EndProject
Project("{9A19103F-16F7-4668-BE54-9A1E7A4F7556}") = "Xamarin.RangeSlider.Forms", "Xamarin.RangeSlider.Forms\Xamarin.RangeSlider.Forms\Xamarin.RangeSlider.Forms.csproj", "{486E53B2-2308-49EA-852B-C467D83C6CF9}"
EndProject
Project("{9A19103F-16F7-4668-BE54-9A1E7A4F7556}") = "Xamarin.RangeSlider.Common", "Xamarin.RangeSlider.Common\Xamarin.RangeSlider.Common.csproj", "{7674E7A5-570E-4845-B029-F6022255DDBB}"
EndProject
Project("{FAE04EC0-301F-11D3-BF4B-00C04F79EFBC}") = "Xamarin.RangeSlider.Forms.Droid", "Xamarin.RangeSlider.Forms.Droid\Xamarin.RangeSlider.Forms.Droid.csproj", "{B632F0F9-8841-43F5-9CEF-DC8075EE2B9F}"
EndProject
Project("{FAE04EC0-301F-11D3-BF4B-00C04F79EFBC}") = "Xamarin.RangeSlider.Forms.iOS", "Xamarin.RangeSlider.Forms.iOS\Xamarin.RangeSlider.Forms.iOS.csproj", "{E71F3053-056C-4381-9638-048ED73BDFF6}"
EndProject
Project("{2150E333-8FDC-42A3-9474-1A3956D46DE8}") = "Controls", "Controls", "{632B42EC-33EB-4663-B2C6-7DDB59D01B14}"
EndProject
Project("{FAE04EC0-301F-11D3-BF4B-00C04F79EFBC}") = "Xamarin.RangeSlider.iOS", "Xamarin.RangeSlider.iOS\Xamarin.RangeSlider.iOS.csproj", "{782D5811-D5FD-48D9-B48F-B2829A2A4CFB}"
EndProject
Project("{FAE04EC0-301F-11D3-BF4B-00C04F79EFBC}") = "Xamarin.RangeSlider.Droid", "Xamarin.RangeSlider.Droid\Xamarin.RangeSlider.Droid.csproj", "{BF1AAA23-B1FE-4841-9B9D-6DD12A4B11B9}"
EndProject
Project("{2150E333-8FDC-42A3-9474-1A3956D46DE8}") = "Component", "Component", "{79F910AE-01ED-4967-95A7-BC7BD7211A8A}"
EndProject
Project("{2150E333-8FDC-42A3-9474-1A3956D46DE8}") = "Sample", "Sample", "{57D3913F-09E5-4F32-8BB3-251D61363852}"
EndProject
Project("{FAE04EC0-301F-11D3-BF4B-00C04F79EFBC}") = "RangedSliderXFSample.Android", "RangedSliderXFSample\RangedSliderXFSample.Android\RangedSliderXFSample.Android.csproj", "{A4B05B8E-7619-4547-A286-3C8D0117D661}"
EndProject
Project("{FAE04EC0-301F-11D3-BF4B-00C04F79EFBC}") = "RangedSliderXFSample.iOS", "RangedSliderXFSample\RangedSliderXFSample.iOS\RangedSliderXFSample.iOS.csproj", "{46E6605B-E8DD-4245-8F3A-973C84D6FB17}"
EndProject
Project("{FAE04EC0-301F-11D3-BF4B-00C04F79EFBC}") = "RangedSliderXFSample", "RangedSliderXFSample\RangedSliderXFSample\RangedSliderXFSample.csproj", "{F46B2496-C3FF-4FA0-A032-13F0A486DAAE}"
EndProject
Global
	GlobalSection(SolutionConfigurationPlatforms) = preSolution
		Ad-Hoc|Any CPU = Ad-Hoc|Any CPU
		Ad-Hoc|iPhone = Ad-Hoc|iPhone
		Ad-Hoc|iPhoneSimulator = Ad-Hoc|iPhoneSimulator
		AppStore|Any CPU = AppStore|Any CPU
		AppStore|iPhone = AppStore|iPhone
		AppStore|iPhoneSimulator = AppStore|iPhoneSimulator
		Debug|Any CPU = Debug|Any CPU
		Debug|iPhone = Debug|iPhone
		Debug|iPhoneSimulator = Debug|iPhoneSimulator
		Release|Any CPU = Release|Any CPU
		Release|iPhone = Release|iPhone
		Release|iPhoneSimulator = Release|iPhoneSimulator
	EndGlobalSection
	GlobalSection(ProjectConfigurationPlatforms) = postSolution
		{486E53B2-2308-49EA-852B-C467D83C6CF9}.Ad-Hoc|Any CPU.ActiveCfg = Debug|Any CPU
		{486E53B2-2308-49EA-852B-C467D83C6CF9}.Ad-Hoc|Any CPU.Build.0 = Debug|Any CPU
		{486E53B2-2308-49EA-852B-C467D83C6CF9}.Ad-Hoc|iPhone.ActiveCfg = Debug|Any CPU
		{486E53B2-2308-49EA-852B-C467D83C6CF9}.Ad-Hoc|iPhone.Build.0 = Debug|Any CPU
		{486E53B2-2308-49EA-852B-C467D83C6CF9}.Ad-Hoc|iPhoneSimulator.ActiveCfg = Debug|Any CPU
		{486E53B2-2308-49EA-852B-C467D83C6CF9}.Ad-Hoc|iPhoneSimulator.Build.0 = Debug|Any CPU
		{486E53B2-2308-49EA-852B-C467D83C6CF9}.AppStore|Any CPU.ActiveCfg = Debug|Any CPU
		{486E53B2-2308-49EA-852B-C467D83C6CF9}.AppStore|Any CPU.Build.0 = Debug|Any CPU
		{486E53B2-2308-49EA-852B-C467D83C6CF9}.AppStore|iPhone.ActiveCfg = Debug|Any CPU
		{486E53B2-2308-49EA-852B-C467D83C6CF9}.AppStore|iPhone.Build.0 = Debug|Any CPU
		{486E53B2-2308-49EA-852B-C467D83C6CF9}.AppStore|iPhoneSimulator.ActiveCfg = Debug|Any CPU
		{486E53B2-2308-49EA-852B-C467D83C6CF9}.AppStore|iPhoneSimulator.Build.0 = Debug|Any CPU
		{486E53B2-2308-49EA-852B-C467D83C6CF9}.Debug|Any CPU.ActiveCfg = Debug|Any CPU
		{486E53B2-2308-49EA-852B-C467D83C6CF9}.Debug|Any CPU.Build.0 = Debug|Any CPU
		{486E53B2-2308-49EA-852B-C467D83C6CF9}.Debug|iPhone.ActiveCfg = Debug|Any CPU
		{486E53B2-2308-49EA-852B-C467D83C6CF9}.Debug|iPhone.Build.0 = Debug|Any CPU
		{486E53B2-2308-49EA-852B-C467D83C6CF9}.Debug|iPhoneSimulator.ActiveCfg = Debug|Any CPU
		{486E53B2-2308-49EA-852B-C467D83C6CF9}.Debug|iPhoneSimulator.Build.0 = Debug|Any CPU
		{486E53B2-2308-49EA-852B-C467D83C6CF9}.Release|Any CPU.ActiveCfg = Release|Any CPU
		{486E53B2-2308-49EA-852B-C467D83C6CF9}.Release|Any CPU.Build.0 = Release|Any CPU
		{486E53B2-2308-49EA-852B-C467D83C6CF9}.Release|iPhone.ActiveCfg = Release|Any CPU
		{486E53B2-2308-49EA-852B-C467D83C6CF9}.Release|iPhone.Build.0 = Release|Any CPU
		{486E53B2-2308-49EA-852B-C467D83C6CF9}.Release|iPhoneSimulator.ActiveCfg = Release|Any CPU
		{486E53B2-2308-49EA-852B-C467D83C6CF9}.Release|iPhoneSimulator.Build.0 = Release|Any CPU
		{7674E7A5-570E-4845-B029-F6022255DDBB}.Ad-Hoc|Any CPU.ActiveCfg = Debug|Any CPU
		{7674E7A5-570E-4845-B029-F6022255DDBB}.Ad-Hoc|Any CPU.Build.0 = Debug|Any CPU
		{7674E7A5-570E-4845-B029-F6022255DDBB}.Ad-Hoc|iPhone.ActiveCfg = Debug|Any CPU
		{7674E7A5-570E-4845-B029-F6022255DDBB}.Ad-Hoc|iPhone.Build.0 = Debug|Any CPU
		{7674E7A5-570E-4845-B029-F6022255DDBB}.Ad-Hoc|iPhoneSimulator.ActiveCfg = Debug|Any CPU
		{7674E7A5-570E-4845-B029-F6022255DDBB}.Ad-Hoc|iPhoneSimulator.Build.0 = Debug|Any CPU
		{7674E7A5-570E-4845-B029-F6022255DDBB}.AppStore|Any CPU.ActiveCfg = Debug|Any CPU
		{7674E7A5-570E-4845-B029-F6022255DDBB}.AppStore|Any CPU.Build.0 = Debug|Any CPU
		{7674E7A5-570E-4845-B029-F6022255DDBB}.AppStore|iPhone.ActiveCfg = Debug|Any CPU
		{7674E7A5-570E-4845-B029-F6022255DDBB}.AppStore|iPhone.Build.0 = Debug|Any CPU
		{7674E7A5-570E-4845-B029-F6022255DDBB}.AppStore|iPhoneSimulator.ActiveCfg = Debug|Any CPU
		{7674E7A5-570E-4845-B029-F6022255DDBB}.AppStore|iPhoneSimulator.Build.0 = Debug|Any CPU
		{7674E7A5-570E-4845-B029-F6022255DDBB}.Debug|Any CPU.ActiveCfg = Debug|Any CPU
		{7674E7A5-570E-4845-B029-F6022255DDBB}.Debug|Any CPU.Build.0 = Debug|Any CPU
		{7674E7A5-570E-4845-B029-F6022255DDBB}.Debug|iPhone.ActiveCfg = Debug|Any CPU
		{7674E7A5-570E-4845-B029-F6022255DDBB}.Debug|iPhone.Build.0 = Debug|Any CPU
		{7674E7A5-570E-4845-B029-F6022255DDBB}.Debug|iPhoneSimulator.ActiveCfg = Debug|Any CPU
		{7674E7A5-570E-4845-B029-F6022255DDBB}.Debug|iPhoneSimulator.Build.0 = Debug|Any CPU
		{7674E7A5-570E-4845-B029-F6022255DDBB}.Release|Any CPU.ActiveCfg = Release|Any CPU
		{7674E7A5-570E-4845-B029-F6022255DDBB}.Release|Any CPU.Build.0 = Release|Any CPU
		{7674E7A5-570E-4845-B029-F6022255DDBB}.Release|iPhone.ActiveCfg = Release|Any CPU
		{7674E7A5-570E-4845-B029-F6022255DDBB}.Release|iPhone.Build.0 = Release|Any CPU
		{7674E7A5-570E-4845-B029-F6022255DDBB}.Release|iPhoneSimulator.ActiveCfg = Release|Any CPU
		{7674E7A5-570E-4845-B029-F6022255DDBB}.Release|iPhoneSimulator.Build.0 = Release|Any CPU
		{B632F0F9-8841-43F5-9CEF-DC8075EE2B9F}.Ad-Hoc|Any CPU.ActiveCfg = Release|Any CPU
		{B632F0F9-8841-43F5-9CEF-DC8075EE2B9F}.Ad-Hoc|Any CPU.Build.0 = Release|Any CPU
		{B632F0F9-8841-43F5-9CEF-DC8075EE2B9F}.Ad-Hoc|iPhone.ActiveCfg = Release|Any CPU
		{B632F0F9-8841-43F5-9CEF-DC8075EE2B9F}.Ad-Hoc|iPhone.Build.0 = Release|Any CPU
		{B632F0F9-8841-43F5-9CEF-DC8075EE2B9F}.Ad-Hoc|iPhoneSimulator.ActiveCfg = Release|Any CPU
		{B632F0F9-8841-43F5-9CEF-DC8075EE2B9F}.Ad-Hoc|iPhoneSimulator.Build.0 = Release|Any CPU
		{B632F0F9-8841-43F5-9CEF-DC8075EE2B9F}.AppStore|Any CPU.ActiveCfg = Release|Any CPU
		{B632F0F9-8841-43F5-9CEF-DC8075EE2B9F}.AppStore|Any CPU.Build.0 = Release|Any CPU
		{B632F0F9-8841-43F5-9CEF-DC8075EE2B9F}.AppStore|iPhone.ActiveCfg = Release|Any CPU
		{B632F0F9-8841-43F5-9CEF-DC8075EE2B9F}.AppStore|iPhone.Build.0 = Release|Any CPU
		{B632F0F9-8841-43F5-9CEF-DC8075EE2B9F}.AppStore|iPhoneSimulator.ActiveCfg = Release|Any CPU
		{B632F0F9-8841-43F5-9CEF-DC8075EE2B9F}.AppStore|iPhoneSimulator.Build.0 = Release|Any CPU
		{B632F0F9-8841-43F5-9CEF-DC8075EE2B9F}.Debug|Any CPU.ActiveCfg = Debug|Any CPU
		{B632F0F9-8841-43F5-9CEF-DC8075EE2B9F}.Debug|Any CPU.Build.0 = Debug|Any CPU
		{B632F0F9-8841-43F5-9CEF-DC8075EE2B9F}.Debug|iPhone.ActiveCfg = Debug|Any CPU
		{B632F0F9-8841-43F5-9CEF-DC8075EE2B9F}.Debug|iPhone.Build.0 = Debug|Any CPU
		{B632F0F9-8841-43F5-9CEF-DC8075EE2B9F}.Debug|iPhoneSimulator.ActiveCfg = Debug|Any CPU
		{B632F0F9-8841-43F5-9CEF-DC8075EE2B9F}.Debug|iPhoneSimulator.Build.0 = Debug|Any CPU
		{B632F0F9-8841-43F5-9CEF-DC8075EE2B9F}.Release|Any CPU.ActiveCfg = Release|Any CPU
		{B632F0F9-8841-43F5-9CEF-DC8075EE2B9F}.Release|Any CPU.Build.0 = Release|Any CPU
		{B632F0F9-8841-43F5-9CEF-DC8075EE2B9F}.Release|iPhone.ActiveCfg = Release|Any CPU
		{B632F0F9-8841-43F5-9CEF-DC8075EE2B9F}.Release|iPhone.Build.0 = Release|Any CPU
		{B632F0F9-8841-43F5-9CEF-DC8075EE2B9F}.Release|iPhoneSimulator.ActiveCfg = Release|Any CPU
		{B632F0F9-8841-43F5-9CEF-DC8075EE2B9F}.Release|iPhoneSimulator.Build.0 = Release|Any CPU
		{E71F3053-056C-4381-9638-048ED73BDFF6}.Ad-Hoc|Any CPU.ActiveCfg = Release|Any CPU
		{E71F3053-056C-4381-9638-048ED73BDFF6}.Ad-Hoc|Any CPU.Build.0 = Release|Any CPU
		{E71F3053-056C-4381-9638-048ED73BDFF6}.Ad-Hoc|iPhone.ActiveCfg = Release|Any CPU
		{E71F3053-056C-4381-9638-048ED73BDFF6}.Ad-Hoc|iPhone.Build.0 = Release|Any CPU
		{E71F3053-056C-4381-9638-048ED73BDFF6}.Ad-Hoc|iPhoneSimulator.ActiveCfg = Release|Any CPU
		{E71F3053-056C-4381-9638-048ED73BDFF6}.Ad-Hoc|iPhoneSimulator.Build.0 = Release|Any CPU
		{E71F3053-056C-4381-9638-048ED73BDFF6}.AppStore|Any CPU.ActiveCfg = Release|Any CPU
		{E71F3053-056C-4381-9638-048ED73BDFF6}.AppStore|Any CPU.Build.0 = Release|Any CPU
		{E71F3053-056C-4381-9638-048ED73BDFF6}.AppStore|iPhone.ActiveCfg = Release|Any CPU
		{E71F3053-056C-4381-9638-048ED73BDFF6}.AppStore|iPhone.Build.0 = Release|Any CPU
		{E71F3053-056C-4381-9638-048ED73BDFF6}.AppStore|iPhoneSimulator.ActiveCfg = Release|Any CPU
		{E71F3053-056C-4381-9638-048ED73BDFF6}.AppStore|iPhoneSimulator.Build.0 = Release|Any CPU
		{E71F3053-056C-4381-9638-048ED73BDFF6}.Debug|Any CPU.ActiveCfg = Debug|Any CPU
		{E71F3053-056C-4381-9638-048ED73BDFF6}.Debug|Any CPU.Build.0 = Debug|Any CPU
		{E71F3053-056C-4381-9638-048ED73BDFF6}.Debug|iPhone.ActiveCfg = Debug|Any CPU
		{E71F3053-056C-4381-9638-048ED73BDFF6}.Debug|iPhone.Build.0 = Debug|Any CPU
		{E71F3053-056C-4381-9638-048ED73BDFF6}.Debug|iPhoneSimulator.ActiveCfg = Debug|Any CPU
		{E71F3053-056C-4381-9638-048ED73BDFF6}.Debug|iPhoneSimulator.Build.0 = Debug|Any CPU
		{E71F3053-056C-4381-9638-048ED73BDFF6}.Release|Any CPU.ActiveCfg = Release|Any CPU
		{E71F3053-056C-4381-9638-048ED73BDFF6}.Release|Any CPU.Build.0 = Release|Any CPU
		{E71F3053-056C-4381-9638-048ED73BDFF6}.Release|iPhone.ActiveCfg = Release|Any CPU
		{E71F3053-056C-4381-9638-048ED73BDFF6}.Release|iPhone.Build.0 = Release|Any CPU
		{E71F3053-056C-4381-9638-048ED73BDFF6}.Release|iPhoneSimulator.ActiveCfg = Release|Any CPU
		{E71F3053-056C-4381-9638-048ED73BDFF6}.Release|iPhoneSimulator.Build.0 = Release|Any CPU
		{782D5811-D5FD-48D9-B48F-B2829A2A4CFB}.Ad-Hoc|Any CPU.ActiveCfg = Release|Any CPU
		{782D5811-D5FD-48D9-B48F-B2829A2A4CFB}.Ad-Hoc|Any CPU.Build.0 = Release|Any CPU
		{782D5811-D5FD-48D9-B48F-B2829A2A4CFB}.Ad-Hoc|iPhone.ActiveCfg = Release|Any CPU
		{782D5811-D5FD-48D9-B48F-B2829A2A4CFB}.Ad-Hoc|iPhone.Build.0 = Release|Any CPU
		{782D5811-D5FD-48D9-B48F-B2829A2A4CFB}.Ad-Hoc|iPhoneSimulator.ActiveCfg = Release|Any CPU
		{782D5811-D5FD-48D9-B48F-B2829A2A4CFB}.Ad-Hoc|iPhoneSimulator.Build.0 = Release|Any CPU
		{782D5811-D5FD-48D9-B48F-B2829A2A4CFB}.AppStore|Any CPU.ActiveCfg = Release|Any CPU
		{782D5811-D5FD-48D9-B48F-B2829A2A4CFB}.AppStore|Any CPU.Build.0 = Release|Any CPU
		{782D5811-D5FD-48D9-B48F-B2829A2A4CFB}.AppStore|iPhone.ActiveCfg = Release|Any CPU
		{782D5811-D5FD-48D9-B48F-B2829A2A4CFB}.AppStore|iPhone.Build.0 = Release|Any CPU
		{782D5811-D5FD-48D9-B48F-B2829A2A4CFB}.AppStore|iPhoneSimulator.ActiveCfg = Release|Any CPU
		{782D5811-D5FD-48D9-B48F-B2829A2A4CFB}.AppStore|iPhoneSimulator.Build.0 = Release|Any CPU
		{782D5811-D5FD-48D9-B48F-B2829A2A4CFB}.Debug|Any CPU.ActiveCfg = Debug|Any CPU
		{782D5811-D5FD-48D9-B48F-B2829A2A4CFB}.Debug|Any CPU.Build.0 = Debug|Any CPU
		{782D5811-D5FD-48D9-B48F-B2829A2A4CFB}.Debug|iPhone.ActiveCfg = Debug|Any CPU
		{782D5811-D5FD-48D9-B48F-B2829A2A4CFB}.Debug|iPhone.Build.0 = Debug|Any CPU
		{782D5811-D5FD-48D9-B48F-B2829A2A4CFB}.Debug|iPhoneSimulator.ActiveCfg = Debug|Any CPU
		{782D5811-D5FD-48D9-B48F-B2829A2A4CFB}.Debug|iPhoneSimulator.Build.0 = Debug|Any CPU
		{782D5811-D5FD-48D9-B48F-B2829A2A4CFB}.Release|Any CPU.ActiveCfg = Release|Any CPU
		{782D5811-D5FD-48D9-B48F-B2829A2A4CFB}.Release|Any CPU.Build.0 = Release|Any CPU
		{782D5811-D5FD-48D9-B48F-B2829A2A4CFB}.Release|iPhone.ActiveCfg = Release|Any CPU
		{782D5811-D5FD-48D9-B48F-B2829A2A4CFB}.Release|iPhone.Build.0 = Release|Any CPU
		{782D5811-D5FD-48D9-B48F-B2829A2A4CFB}.Release|iPhoneSimulator.ActiveCfg = Release|Any CPU
		{782D5811-D5FD-48D9-B48F-B2829A2A4CFB}.Release|iPhoneSimulator.Build.0 = Release|Any CPU
		{BF1AAA23-B1FE-4841-9B9D-6DD12A4B11B9}.Ad-Hoc|Any CPU.ActiveCfg = Release|Any CPU
		{BF1AAA23-B1FE-4841-9B9D-6DD12A4B11B9}.Ad-Hoc|Any CPU.Build.0 = Release|Any CPU
		{BF1AAA23-B1FE-4841-9B9D-6DD12A4B11B9}.Ad-Hoc|iPhone.ActiveCfg = Release|Any CPU
		{BF1AAA23-B1FE-4841-9B9D-6DD12A4B11B9}.Ad-Hoc|iPhone.Build.0 = Release|Any CPU
		{BF1AAA23-B1FE-4841-9B9D-6DD12A4B11B9}.Ad-Hoc|iPhoneSimulator.ActiveCfg = Release|Any CPU
		{BF1AAA23-B1FE-4841-9B9D-6DD12A4B11B9}.Ad-Hoc|iPhoneSimulator.Build.0 = Release|Any CPU
		{BF1AAA23-B1FE-4841-9B9D-6DD12A4B11B9}.AppStore|Any CPU.ActiveCfg = Release|Any CPU
		{BF1AAA23-B1FE-4841-9B9D-6DD12A4B11B9}.AppStore|Any CPU.Build.0 = Release|Any CPU
		{BF1AAA23-B1FE-4841-9B9D-6DD12A4B11B9}.AppStore|iPhone.ActiveCfg = Release|Any CPU
		{BF1AAA23-B1FE-4841-9B9D-6DD12A4B11B9}.AppStore|iPhone.Build.0 = Release|Any CPU
		{BF1AAA23-B1FE-4841-9B9D-6DD12A4B11B9}.AppStore|iPhoneSimulator.ActiveCfg = Release|Any CPU
		{BF1AAA23-B1FE-4841-9B9D-6DD12A4B11B9}.AppStore|iPhoneSimulator.Build.0 = Release|Any CPU
		{BF1AAA23-B1FE-4841-9B9D-6DD12A4B11B9}.Debug|Any CPU.ActiveCfg = Debug|Any CPU
		{BF1AAA23-B1FE-4841-9B9D-6DD12A4B11B9}.Debug|Any CPU.Build.0 = Debug|Any CPU
		{BF1AAA23-B1FE-4841-9B9D-6DD12A4B11B9}.Debug|iPhone.ActiveCfg = Debug|Any CPU
		{BF1AAA23-B1FE-4841-9B9D-6DD12A4B11B9}.Debug|iPhone.Build.0 = Debug|Any CPU
		{BF1AAA23-B1FE-4841-9B9D-6DD12A4B11B9}.Debug|iPhoneSimulator.ActiveCfg = Debug|Any CPU
		{BF1AAA23-B1FE-4841-9B9D-6DD12A4B11B9}.Debug|iPhoneSimulator.Build.0 = Debug|Any CPU
		{BF1AAA23-B1FE-4841-9B9D-6DD12A4B11B9}.Release|Any CPU.ActiveCfg = Release|Any CPU
		{BF1AAA23-B1FE-4841-9B9D-6DD12A4B11B9}.Release|Any CPU.Build.0 = Release|Any CPU
		{BF1AAA23-B1FE-4841-9B9D-6DD12A4B11B9}.Release|iPhone.ActiveCfg = Release|Any CPU
		{BF1AAA23-B1FE-4841-9B9D-6DD12A4B11B9}.Release|iPhone.Build.0 = Release|Any CPU
		{BF1AAA23-B1FE-4841-9B9D-6DD12A4B11B9}.Release|iPhoneSimulator.ActiveCfg = Release|Any CPU
		{BF1AAA23-B1FE-4841-9B9D-6DD12A4B11B9}.Release|iPhoneSimulator.Build.0 = Release|Any CPU
		{A4B05B8E-7619-4547-A286-3C8D0117D661}.Ad-Hoc|Any CPU.ActiveCfg = Release|Any CPU
		{A4B05B8E-7619-4547-A286-3C8D0117D661}.Ad-Hoc|Any CPU.Build.0 = Release|Any CPU
		{A4B05B8E-7619-4547-A286-3C8D0117D661}.Ad-Hoc|Any CPU.Deploy.0 = Release|Any CPU
		{A4B05B8E-7619-4547-A286-3C8D0117D661}.Ad-Hoc|iPhone.ActiveCfg = Release|Any CPU
		{A4B05B8E-7619-4547-A286-3C8D0117D661}.Ad-Hoc|iPhone.Build.0 = Release|Any CPU
		{A4B05B8E-7619-4547-A286-3C8D0117D661}.Ad-Hoc|iPhone.Deploy.0 = Release|Any CPU
		{A4B05B8E-7619-4547-A286-3C8D0117D661}.Ad-Hoc|iPhoneSimulator.ActiveCfg = Release|Any CPU
		{A4B05B8E-7619-4547-A286-3C8D0117D661}.Ad-Hoc|iPhoneSimulator.Build.0 = Release|Any CPU
		{A4B05B8E-7619-4547-A286-3C8D0117D661}.Ad-Hoc|iPhoneSimulator.Deploy.0 = Release|Any CPU
		{A4B05B8E-7619-4547-A286-3C8D0117D661}.AppStore|Any CPU.ActiveCfg = Release|Any CPU
		{A4B05B8E-7619-4547-A286-3C8D0117D661}.AppStore|Any CPU.Build.0 = Release|Any CPU
		{A4B05B8E-7619-4547-A286-3C8D0117D661}.AppStore|Any CPU.Deploy.0 = Release|Any CPU
		{A4B05B8E-7619-4547-A286-3C8D0117D661}.AppStore|iPhone.ActiveCfg = Release|Any CPU
		{A4B05B8E-7619-4547-A286-3C8D0117D661}.AppStore|iPhone.Build.0 = Release|Any CPU
		{A4B05B8E-7619-4547-A286-3C8D0117D661}.AppStore|iPhone.Deploy.0 = Release|Any CPU
		{A4B05B8E-7619-4547-A286-3C8D0117D661}.AppStore|iPhoneSimulator.ActiveCfg = Release|Any CPU
		{A4B05B8E-7619-4547-A286-3C8D0117D661}.AppStore|iPhoneSimulator.Build.0 = Release|Any CPU
		{A4B05B8E-7619-4547-A286-3C8D0117D661}.AppStore|iPhoneSimulator.Deploy.0 = Release|Any CPU
		{A4B05B8E-7619-4547-A286-3C8D0117D661}.Debug|Any CPU.ActiveCfg = Debug|Any CPU
		{A4B05B8E-7619-4547-A286-3C8D0117D661}.Debug|Any CPU.Build.0 = Debug|Any CPU
		{A4B05B8E-7619-4547-A286-3C8D0117D661}.Debug|Any CPU.Deploy.0 = Debug|Any CPU
		{A4B05B8E-7619-4547-A286-3C8D0117D661}.Debug|iPhone.ActiveCfg = Debug|Any CPU
		{A4B05B8E-7619-4547-A286-3C8D0117D661}.Debug|iPhone.Build.0 = Debug|Any CPU
		{A4B05B8E-7619-4547-A286-3C8D0117D661}.Debug|iPhone.Deploy.0 = Debug|Any CPU
		{A4B05B8E-7619-4547-A286-3C8D0117D661}.Debug|iPhoneSimulator.ActiveCfg = Debug|Any CPU
		{A4B05B8E-7619-4547-A286-3C8D0117D661}.Debug|iPhoneSimulator.Build.0 = Debug|Any CPU
		{A4B05B8E-7619-4547-A286-3C8D0117D661}.Debug|iPhoneSimulator.Deploy.0 = Debug|Any CPU
		{A4B05B8E-7619-4547-A286-3C8D0117D661}.Release|Any CPU.ActiveCfg = Release|Any CPU
		{A4B05B8E-7619-4547-A286-3C8D0117D661}.Release|Any CPU.Build.0 = Release|Any CPU
		{A4B05B8E-7619-4547-A286-3C8D0117D661}.Release|Any CPU.Deploy.0 = Release|Any CPU
		{A4B05B8E-7619-4547-A286-3C8D0117D661}.Release|iPhone.ActiveCfg = Release|Any CPU
		{A4B05B8E-7619-4547-A286-3C8D0117D661}.Release|iPhone.Build.0 = Release|Any CPU
		{A4B05B8E-7619-4547-A286-3C8D0117D661}.Release|iPhone.Deploy.0 = Release|Any CPU
		{A4B05B8E-7619-4547-A286-3C8D0117D661}.Release|iPhoneSimulator.ActiveCfg = Release|Any CPU
		{A4B05B8E-7619-4547-A286-3C8D0117D661}.Release|iPhoneSimulator.Build.0 = Release|Any CPU
		{A4B05B8E-7619-4547-A286-3C8D0117D661}.Release|iPhoneSimulator.Deploy.0 = Release|Any CPU
		{46E6605B-E8DD-4245-8F3A-973C84D6FB17}.Ad-Hoc|Any CPU.ActiveCfg = Ad-Hoc|iPhone
		{46E6605B-E8DD-4245-8F3A-973C84D6FB17}.Ad-Hoc|iPhone.ActiveCfg = Ad-Hoc|iPhone
		{46E6605B-E8DD-4245-8F3A-973C84D6FB17}.Ad-Hoc|iPhone.Build.0 = Ad-Hoc|iPhone
		{46E6605B-E8DD-4245-8F3A-973C84D6FB17}.Ad-Hoc|iPhoneSimulator.ActiveCfg = Ad-Hoc|iPhoneSimulator
		{46E6605B-E8DD-4245-8F3A-973C84D6FB17}.Ad-Hoc|iPhoneSimulator.Build.0 = Ad-Hoc|iPhoneSimulator
		{46E6605B-E8DD-4245-8F3A-973C84D6FB17}.AppStore|Any CPU.ActiveCfg = AppStore|iPhone
		{46E6605B-E8DD-4245-8F3A-973C84D6FB17}.AppStore|iPhone.ActiveCfg = AppStore|iPhone
		{46E6605B-E8DD-4245-8F3A-973C84D6FB17}.AppStore|iPhone.Build.0 = AppStore|iPhone
		{46E6605B-E8DD-4245-8F3A-973C84D6FB17}.AppStore|iPhoneSimulator.ActiveCfg = AppStore|iPhoneSimulator
		{46E6605B-E8DD-4245-8F3A-973C84D6FB17}.AppStore|iPhoneSimulator.Build.0 = AppStore|iPhoneSimulator
		{46E6605B-E8DD-4245-8F3A-973C84D6FB17}.Debug|Any CPU.ActiveCfg = Debug|iPhone
		{46E6605B-E8DD-4245-8F3A-973C84D6FB17}.Debug|iPhone.ActiveCfg = Debug|iPhone
		{46E6605B-E8DD-4245-8F3A-973C84D6FB17}.Debug|iPhone.Build.0 = Debug|iPhone
		{46E6605B-E8DD-4245-8F3A-973C84D6FB17}.Debug|iPhoneSimulator.ActiveCfg = Debug|iPhoneSimulator
		{46E6605B-E8DD-4245-8F3A-973C84D6FB17}.Debug|iPhoneSimulator.Build.0 = Debug|iPhoneSimulator
		{46E6605B-E8DD-4245-8F3A-973C84D6FB17}.Release|Any CPU.ActiveCfg = Release|iPhone
		{46E6605B-E8DD-4245-8F3A-973C84D6FB17}.Release|iPhone.ActiveCfg = Release|iPhone
		{46E6605B-E8DD-4245-8F3A-973C84D6FB17}.Release|iPhone.Build.0 = Release|iPhone
		{46E6605B-E8DD-4245-8F3A-973C84D6FB17}.Release|iPhoneSimulator.ActiveCfg = Release|iPhoneSimulator
		{46E6605B-E8DD-4245-8F3A-973C84D6FB17}.Release|iPhoneSimulator.Build.0 = Release|iPhoneSimulator
		{F46B2496-C3FF-4FA0-A032-13F0A486DAAE}.Ad-Hoc|Any CPU.ActiveCfg = Debug|Any CPU
		{F46B2496-C3FF-4FA0-A032-13F0A486DAAE}.Ad-Hoc|Any CPU.Build.0 = Debug|Any CPU
		{F46B2496-C3FF-4FA0-A032-13F0A486DAAE}.Ad-Hoc|iPhone.ActiveCfg = Debug|Any CPU
		{F46B2496-C3FF-4FA0-A032-13F0A486DAAE}.Ad-Hoc|iPhone.Build.0 = Debug|Any CPU
		{F46B2496-C3FF-4FA0-A032-13F0A486DAAE}.Ad-Hoc|iPhoneSimulator.ActiveCfg = Debug|Any CPU
		{F46B2496-C3FF-4FA0-A032-13F0A486DAAE}.Ad-Hoc|iPhoneSimulator.Build.0 = Debug|Any CPU
		{F46B2496-C3FF-4FA0-A032-13F0A486DAAE}.AppStore|Any CPU.ActiveCfg = Debug|Any CPU
		{F46B2496-C3FF-4FA0-A032-13F0A486DAAE}.AppStore|Any CPU.Build.0 = Debug|Any CPU
		{F46B2496-C3FF-4FA0-A032-13F0A486DAAE}.AppStore|iPhone.ActiveCfg = Debug|Any CPU
		{F46B2496-C3FF-4FA0-A032-13F0A486DAAE}.AppStore|iPhone.Build.0 = Debug|Any CPU
		{F46B2496-C3FF-4FA0-A032-13F0A486DAAE}.AppStore|iPhoneSimulator.ActiveCfg = Debug|Any CPU
		{F46B2496-C3FF-4FA0-A032-13F0A486DAAE}.AppStore|iPhoneSimulator.Build.0 = Debug|Any CPU
		{F46B2496-C3FF-4FA0-A032-13F0A486DAAE}.Debug|Any CPU.ActiveCfg = Debug|Any CPU
		{F46B2496-C3FF-4FA0-A032-13F0A486DAAE}.Debug|Any CPU.Build.0 = Debug|Any CPU
		{F46B2496-C3FF-4FA0-A032-13F0A486DAAE}.Debug|iPhone.ActiveCfg = Debug|Any CPU
		{F46B2496-C3FF-4FA0-A032-13F0A486DAAE}.Debug|iPhone.Build.0 = Debug|Any CPU
		{F46B2496-C3FF-4FA0-A032-13F0A486DAAE}.Debug|iPhoneSimulator.ActiveCfg = Debug|Any CPU
		{F46B2496-C3FF-4FA0-A032-13F0A486DAAE}.Debug|iPhoneSimulator.Build.0 = Debug|Any CPU
		{F46B2496-C3FF-4FA0-A032-13F0A486DAAE}.Release|Any CPU.ActiveCfg = Release|Any CPU
		{F46B2496-C3FF-4FA0-A032-13F0A486DAAE}.Release|Any CPU.Build.0 = Release|Any CPU
		{F46B2496-C3FF-4FA0-A032-13F0A486DAAE}.Release|iPhone.ActiveCfg = Release|Any CPU
		{F46B2496-C3FF-4FA0-A032-13F0A486DAAE}.Release|iPhone.Build.0 = Release|Any CPU
		{F46B2496-C3FF-4FA0-A032-13F0A486DAAE}.Release|iPhoneSimulator.ActiveCfg = Release|Any CPU
		{F46B2496-C3FF-4FA0-A032-13F0A486DAAE}.Release|iPhoneSimulator.Build.0 = Release|Any CPU
	EndGlobalSection
	GlobalSection(SolutionProperties) = preSolution
		HideSolutionNode = FALSE
	EndGlobalSection
	GlobalSection(NestedProjects) = preSolution
		{D7AC6A97-B245-4BE5-B4B1-A9DC1DEB2931} = {79F910AE-01ED-4967-95A7-BC7BD7211A8A}
		{486E53B2-2308-49EA-852B-C467D83C6CF9} = {D7AC6A97-B245-4BE5-B4B1-A9DC1DEB2931}
		{7674E7A5-570E-4845-B029-F6022255DDBB} = {79F910AE-01ED-4967-95A7-BC7BD7211A8A}
		{B632F0F9-8841-43F5-9CEF-DC8075EE2B9F} = {D7AC6A97-B245-4BE5-B4B1-A9DC1DEB2931}
		{E71F3053-056C-4381-9638-048ED73BDFF6} = {D7AC6A97-B245-4BE5-B4B1-A9DC1DEB2931}
		{632B42EC-33EB-4663-B2C6-7DDB59D01B14} = {79F910AE-01ED-4967-95A7-BC7BD7211A8A}
		{782D5811-D5FD-48D9-B48F-B2829A2A4CFB} = {632B42EC-33EB-4663-B2C6-7DDB59D01B14}
		{BF1AAA23-B1FE-4841-9B9D-6DD12A4B11B9} = {632B42EC-33EB-4663-B2C6-7DDB59D01B14}
		{A4B05B8E-7619-4547-A286-3C8D0117D661} = {57D3913F-09E5-4F32-8BB3-251D61363852}
		{46E6605B-E8DD-4245-8F3A-973C84D6FB17} = {57D3913F-09E5-4F32-8BB3-251D61363852}
		{F46B2496-C3FF-4FA0-A032-13F0A486DAAE} = {57D3913F-09E5-4F32-8BB3-251D61363852}
	EndGlobalSection
	GlobalSection(ExtensibilityGlobals) = postSolution
		SolutionGuid = {ED169374-8687-41D7-887B-D5367DD7C23E}
	EndGlobalSection
EndGlobal
